{
  "name": "todos-lib",
  "version": "0.0.1",
  "lockfileVersion": 2,
  "requires": true,
  "packages": {
    "": {
      "name": "todos-lib",
      "version": "0.0.1",
      "dependencies": {
        "@angular/router": "^13.3.6",
        "tslib": "^2.3.0"
      },
      "devDependencies": {
        "@types/jest": "^27.5.1"
      },
      "peerDependencies": {
        "@angular/common": "^13.2.0",
        "@angular/core": "^13.2.0",
        "app-base-lib": "^1.0.45",
        "vicky-ionic-ng-lib": "^0.0.36"
      }
    },
    "node_modules/@angular/common": {
      "version": "13.3.6",
      "resolved": "https://registry.npmjs.org/@angular/common/-/common-13.3.6.tgz",
      "integrity": "sha512-IHWzyNzrvzdE23P7KX3qDgmT+xGpmXKaMLDEM9s8l2opKcMerjdullrYXwLfjFQr9pybnn+uE9fzj9dp0DCmzg==",
      "peer": true,
      "dependencies": {
        "tslib": "^2.3.0"
      },
      "engines": {
        "node": "^12.20.0 || ^14.15.0 || >=16.10.0"
      },
      "peerDependencies": {
        "@angular/core": "13.3.6",
        "rxjs": "^6.5.3 || ^7.4.0"
      }
    },
    "node_modules/@angular/core": {
      "version": "13.3.6",
      "resolved": "https://registry.npmjs.org/@angular/core/-/core-13.3.6.tgz",
      "integrity": "sha512-Le9kWVny8jT8UXoWUFFF641howw8h//PK+juDHDU2M6DpR24zxnBKdTwVvjjtCyfMBMiC50JY5YRnYfpaEC27w==",
      "peer": true,
      "dependencies": {
        "tslib": "^2.3.0"
      },
      "engines": {
        "node": "^12.20.0 || ^14.15.0 || >=16.10.0"
      },
      "peerDependencies": {
        "rxjs": "^6.5.3 || ^7.4.0",
        "zone.js": "~0.11.4"
      }
    },
    "node_modules/@angular/forms": {
      "version": "13.3.6",
      "resolved": "https://registry.npmjs.org/@angular/forms/-/forms-13.3.6.tgz",
      "integrity": "sha512-Sn29oKvyduMmB2GizXs04hOub/iqOPpSZFxEdTFmKVOjEidv76rcHKcHUby2Qwyal22+z1wVQNn3w4l8rySx0A==",
      "peer": true,
      "dependencies": {
        "tslib": "^2.3.0"
      },
      "engines": {
        "node": "^12.20.0 || ^14.15.0 || >=16.10.0"
      },
      "peerDependencies": {
        "@angular/common": "13.3.6",
        "@angular/core": "13.3.6",
        "@angular/platform-browser": "13.3.6",
        "rxjs": "^6.5.3 || ^7.4.0"
      }
    },
    "node_modules/@angular/platform-browser": {
      "version": "13.3.6",
      "resolved": "https://registry.npmjs.org/@angular/platform-browser/-/platform-browser-13.3.6.tgz",
      "integrity": "sha512-ilzlMQe7Vg5fMnzUoe01SwBCjruJy2xna/jdXND4xHyntk2bUtOHOBnkwCiN3uAWDg228iS2tWKDbYGKoiRYmQ==",
      "peer": true,
      "dependencies": {
        "tslib": "^2.3.0"
      },
      "engines": {
        "node": "^12.20.0 || ^14.15.0 || >=16.10.0"
      },
      "peerDependencies": {
        "@angular/animations": "13.3.6",
        "@angular/common": "13.3.6",
        "@angular/core": "13.3.6"
      },
      "peerDependenciesMeta": {
        "@angular/animations": {
          "optional": true
        }
      }
    },
    "node_modules/@angular/router": {
      "version": "13.3.6",
      "resolved": "https://registry.npmjs.org/@angular/router/-/router-13.3.6.tgz",
      "integrity": "sha512-XN3kaDdrqq/2JJbVaOs5pznsfOPwaqO99TADmWtwHlrrqBk7DUW730YijaCE6HZCZSjFpykUGVz3J1aXSULU2Q==",
      "dependencies": {
        "tslib": "^2.3.0"
      },
      "engines": {
        "node": "^12.20.0 || ^14.15.0 || >=16.10.0"
      },
      "peerDependencies": {
        "@angular/common": "13.3.6",
        "@angular/core": "13.3.6",
        "@angular/platform-browser": "13.3.6",
        "rxjs": "^6.5.3 || ^7.4.0"
      }
    },
    "node_modules/@axe-core/playwright": {
      "version": "4.4.2",
      "resolved": "https://registry.npmjs.org/@axe-core/playwright/-/playwright-4.4.2.tgz",
      "integrity": "sha512-PzdGAG4ybVfu/hgMRiMdirSGhwZf/hHlfEDmr/WFdcYv60XhQKSgb5h9B2H+6WN17hTmbacbQigq/4r5b7Ok4g==",
      "peer": true,
      "dependencies": {
        "axe-core": "^4.4.1",
        "playwright": "^1.16.2"
      },
      "peerDependencies": {
        "playwright": ">= 1.0.0"
      }
    },
    "node_modules/@ionic/angular": {
      "version": "6.1.4",
      "resolved": "https://registry.npmjs.org/@ionic/angular/-/angular-6.1.4.tgz",
      "integrity": "sha512-uCXKrcynBnOgsbK92crGchA7QcQXoURYAtOyQ/e4/LkubLxQHkthmZzkMZ0jO/3XNzsD3HAZ6oUnqCCiuWHhNg==",
      "peer": true,
      "dependencies": {
        "@ionic/core": "^6.1.4",
        "jsonc-parser": "^3.0.0",
        "tslib": "^2.0.0"
      },
      "peerDependencies": {
        "@angular/core": ">=12.0.0",
        "@angular/forms": ">=12.0.0",
        "@angular/router": ">=12.0.0",
        "rxjs": ">=6.6.0",
        "zone.js": ">=0.11.0"
      }
    },
    "node_modules/@ionic/core": {
      "version": "6.1.4",
      "resolved": "https://registry.npmjs.org/@ionic/core/-/core-6.1.4.tgz",
      "integrity": "sha512-2sJ06ehFVvgZGfsluWfqmAl34YWkbU/mdDEYbp5BUatX91tN/ytNjDkoPVuLUBJl1pqGK1doaDI6Y8zDpxqbMA==",
      "peer": true,
      "dependencies": {
        "@axe-core/playwright": "^4.4.2",
        "@stencil/core": "^2.14.2",
        "ionicons": "^6.0.0",
        "tslib": "^2.1.0"
      }
    },
    "node_modules/@stencil/core": {
      "version": "2.15.1",
      "resolved": "https://registry.npmjs.org/@stencil/core/-/core-2.15.1.tgz",
      "integrity": "sha512-NYjRwQnjzscyFfqK+iIwRdr/dgYn33u6KE7kyQWdi7xsCkqMHalXYgJlN/QBQ9PN3qXmXKeBrJNG8EkNdCbK5g==",
      "peer": true,
      "bin": {
        "stencil": "bin/stencil"
      },
      "engines": {
        "node": ">=12.10.0",
        "npm": ">=6.0.0"
      }
    },
    "node_modules/@types/jest": {
      "version": "27.5.1",
      "resolved": "https://registry.npmjs.org/@types/jest/-/jest-27.5.1.tgz",
      "integrity": "sha512-fUy7YRpT+rHXto1YlL+J9rs0uLGyiqVt3ZOTQR+4ROc47yNl8WLdVLgUloBRhOxP1PZvguHl44T3H0wAWxahYQ==",
      "dev": true,
      "dependencies": {
        "jest-matcher-utils": "^27.0.0",
        "pretty-format": "^27.0.0"
      }
    },
    "node_modules/ansi-regex": {
      "version": "5.0.1",
      "resolved": "https://registry.npmjs.org/ansi-regex/-/ansi-regex-5.0.1.tgz",
      "integrity": "sha512-quJQXlTSUGL2LH9SUXo8VwsY4soanhgo6LNSm84E1LBcE8s3O0wpdiRzyR9z/ZZJMlMWv37qOOb9pdJlMUEKFQ==",
      "dev": true,
      "engines": {
        "node": ">=8"
      }
    },
    "node_modules/ansi-styles": {
      "version": "4.3.0",
      "resolved": "https://registry.npmjs.org/ansi-styles/-/ansi-styles-4.3.0.tgz",
      "integrity": "sha512-zbB9rCJAT1rbjiVDb2hqKFHNYLxgtk8NURxZ3IZwD3F6NtxbXZQCnnSi1Lkx+IDohdPlFp222wVALIheZJQSEg==",
      "dev": true,
      "dependencies": {
        "color-convert": "^2.0.1"
      },
      "engines": {
        "node": ">=8"
      },
      "funding": {
        "url": "https://github.com/chalk/ansi-styles?sponsor=1"
      }
    },
    "node_modules/app-base-lib": {
      "version": "1.0.45",
      "resolved": "https://registry.npmjs.org/app-base-lib/-/app-base-lib-1.0.45.tgz",
      "integrity": "sha512-BzYvq9anW75J16jCxXNilvgpBjpuk+j6gmfi3cJVVHE3j2ifWedKbRcqS/pr5P+OgU6wbf9XrpniJHacoTPoig==",
      "peer": true,
      "peerDependencies": {
        "lodash": "^4.17.21",
        "rxjs": "^7.5.5"
      }
    },
    "node_modules/axe-core": {
      "version": "4.4.1",
      "resolved": "https://registry.npmjs.org/axe-core/-/axe-core-4.4.1.tgz",
      "integrity": "sha512-gd1kmb21kwNuWr6BQz8fv6GNECPBnUasepcoLbekws23NVBLODdsClRZ+bQ8+9Uomf3Sm3+Vwn0oYG9NvwnJCw==",
      "peer": true,
      "engines": {
        "node": ">=4"
      }
    },
    "node_modules/chalk": {
      "version": "4.1.2",
      "resolved": "https://registry.npmjs.org/chalk/-/chalk-4.1.2.tgz",
      "integrity": "sha512-oKnbhFyRIXpUuez8iBMmyEa4nbj4IOQyuhc/wy9kY7/WVPcwIO9VA668Pu8RkO7+0G76SLROeyw9CpQ061i4mA==",
      "dev": true,
      "dependencies": {
        "ansi-styles": "^4.1.0",
        "supports-color": "^7.1.0"
      },
      "engines": {
        "node": ">=10"
      },
      "funding": {
        "url": "https://github.com/chalk/chalk?sponsor=1"
      }
    },
    "node_modules/color-convert": {
      "version": "2.0.1",
      "resolved": "https://registry.npmjs.org/color-convert/-/color-convert-2.0.1.tgz",
      "integrity": "sha512-RRECPsj7iu/xb5oKYcsFHSppFNnsj/52OVTRKb4zP5onXwVF3zVmmToNcOfGC+CRDpfK/U584fMg38ZHCaElKQ==",
      "dev": true,
      "dependencies": {
        "color-name": "~1.1.4"
      },
      "engines": {
        "node": ">=7.0.0"
      }
    },
    "node_modules/color-name": {
      "version": "1.1.4",
      "resolved": "https://registry.npmjs.org/color-name/-/color-name-1.1.4.tgz",
      "integrity": "sha512-dOy+3AuW3a2wNbZHIuMZpTcgjGuLU/uBL/ubcZF9OXbDo8ff4O8yVp5Bf0efS8uEoYo5q4Fx7dY9OgQGXgAsQA==",
      "dev": true
    },
    "node_modules/diff-sequences": {
      "version": "27.5.1",
      "resolved": "https://registry.npmjs.org/diff-sequences/-/diff-sequences-27.5.1.tgz",
      "integrity": "sha512-k1gCAXAsNgLwEL+Y8Wvl+M6oEFj5bgazfZULpS5CneoPPXRaCCW7dm+q21Ky2VEE5X+VeRDBVg1Pcvvsr4TtNQ==",
      "dev": true,
      "engines": {
        "node": "^10.13.0 || ^12.13.0 || ^14.15.0 || >=15.0.0"
      }
    },
    "node_modules/has-flag": {
      "version": "4.0.0",
      "resolved": "https://registry.npmjs.org/has-flag/-/has-flag-4.0.0.tgz",
      "integrity": "sha512-EykJT/Q1KjTWctppgIAgfSO0tKVuZUjhgMr17kqTumMl6Afv3EISleU7qZUzoXDFTAHTDC4NOoG/ZxU3EvlMPQ==",
      "dev": true,
      "engines": {
        "node": ">=8"
      }
    },
    "node_modules/ionicons": {
      "version": "6.0.1",
      "resolved": "https://registry.npmjs.org/ionicons/-/ionicons-6.0.1.tgz",
      "integrity": "sha512-xQekOJsxH82O7oB+3F60zeRggCdND9pJ/k0E6IJDVUGGlCj5mlyFqNgxUimytKgstPGv3S+3EmCxjefvtGgWUg==",
      "peer": true,
      "dependencies": {
        "@stencil/core": "~2.12.0"
      }
    },
    "node_modules/ionicons/node_modules/@stencil/core": {
      "version": "2.12.1",
      "resolved": "https://registry.npmjs.org/@stencil/core/-/core-2.12.1.tgz",
      "integrity": "sha512-u24TZ+FEvjnZt5ZgIkLjLpUNsO6Ml3mUZqwmqk81w6RWWz75hgB5p4RFI5rvuErFeh2xvMIGo+pNdG24XUBz1A==",
      "peer": true,
      "bin": {
        "stencil": "bin/stencil"
      },
      "engines": {
        "node": ">=12.10.0",
        "npm": ">=6.0.0"
      }
    },
    "node_modules/jest-diff": {
      "version": "27.5.1",
      "resolved": "https://registry.npmjs.org/jest-diff/-/jest-diff-27.5.1.tgz",
      "integrity": "sha512-m0NvkX55LDt9T4mctTEgnZk3fmEg3NRYutvMPWM/0iPnkFj2wIeF45O1718cMSOFO1vINkqmxqD8vE37uTEbqw==",
      "dev": true,
      "dependencies": {
        "chalk": "^4.0.0",
        "diff-sequences": "^27.5.1",
        "jest-get-type": "^27.5.1",
        "pretty-format": "^27.5.1"
      },
      "engines": {
        "node": "^10.13.0 || ^12.13.0 || ^14.15.0 || >=15.0.0"
      }
    },
    "node_modules/jest-get-type": {
      "version": "27.5.1",
      "resolved": "https://registry.npmjs.org/jest-get-type/-/jest-get-type-27.5.1.tgz",
      "integrity": "sha512-2KY95ksYSaK7DMBWQn6dQz3kqAf3BB64y2udeG+hv4KfSOb9qwcYQstTJc1KCbsix+wLZWZYN8t7nwX3GOBLRw==",
      "dev": true,
      "engines": {
        "node": "^10.13.0 || ^12.13.0 || ^14.15.0 || >=15.0.0"
      }
    },
    "node_modules/jest-matcher-utils": {
      "version": "27.5.1",
      "resolved": "https://registry.npmjs.org/jest-matcher-utils/-/jest-matcher-utils-27.5.1.tgz",
      "integrity": "sha512-z2uTx/T6LBaCoNWNFWwChLBKYxTMcGBRjAt+2SbP929/Fflb9aa5LGma654Rz8z9HLxsrUaYzxE9T/EFIL/PAw==",
      "dev": true,
      "dependencies": {
        "chalk": "^4.0.0",
        "jest-diff": "^27.5.1",
        "jest-get-type": "^27.5.1",
        "pretty-format": "^27.5.1"
      },
      "engines": {
        "node": "^10.13.0 || ^12.13.0 || ^14.15.0 || >=15.0.0"
      }
    },
    "node_modules/jsonc-parser": {
      "version": "3.0.0",
      "resolved": "https://registry.npmjs.org/jsonc-parser/-/jsonc-parser-3.0.0.tgz",
      "integrity": "sha512-fQzRfAbIBnR0IQvftw9FJveWiHp72Fg20giDrHz6TdfB12UH/uue0D3hm57UB5KgAVuniLMCaS8P1IMj9NR7cA==",
      "peer": true
    },
    "node_modules/lodash": {
      "version": "4.17.21",
      "resolved": "https://registry.npmjs.org/lodash/-/lodash-4.17.21.tgz",
      "integrity": "sha512-v2kDEe57lecTulaDIuNTPy3Ry4gLGJ6Z1O3vE1krgXZNrsQ+LFTGHVxVjcXPs17LhbZVGedAJv8XZ1tvj5FvSg==",
      "peer": true
    },
    "node_modules/playwright": {
      "version": "1.27.1",
      "resolved": "https://registry.npmjs.org/playwright/-/playwright-1.27.1.tgz",
      "integrity": "sha512-xXYZ7m36yTtC+oFgqH0eTgullGztKSRMb4yuwLPl8IYSmgBM88QiB+3IWb1mRIC9/NNwcgbG0RwtFlg+EAFQHQ==",
      "hasInstallScript": true,
      "peer": true,
      "dependencies": {
        "playwright-core": "1.27.1"
      },
      "bin": {
        "playwright": "cli.js"
      },
      "engines": {
        "node": ">=14"
      }
    },
    "node_modules/playwright-core": {
      "version": "1.27.1",
      "resolved": "https://registry.npmjs.org/playwright-core/-/playwright-core-1.27.1.tgz",
      "integrity": "sha512-9EmeXDncC2Pmp/z+teoVYlvmPWUC6ejSSYZUln7YaP89Z6lpAaiaAnqroUt/BoLo8tn7WYShcfaCh+xofZa44Q==",
      "peer": true,
      "bin": {
        "playwright": "cli.js"
      },
      "engines": {
        "node": ">=14"
      }
    },
    "node_modules/pretty-format": {
      "version": "27.5.1",
      "resolved": "https://registry.npmjs.org/pretty-format/-/pretty-format-27.5.1.tgz",
      "integrity": "sha512-Qb1gy5OrP5+zDf2Bvnzdl3jsTf1qXVMazbvCoKhtKqVs4/YK4ozX4gKQJJVyNe+cajNPn0KoC0MC3FUmaHWEmQ==",
      "dev": true,
      "dependencies": {
        "ansi-regex": "^5.0.1",
        "ansi-styles": "^5.0.0",
        "react-is": "^17.0.1"
      },
      "engines": {
        "node": "^10.13.0 || ^12.13.0 || ^14.15.0 || >=15.0.0"
      }
    },
    "node_modules/pretty-format/node_modules/ansi-styles": {
      "version": "5.2.0",
      "resolved": "https://registry.npmjs.org/ansi-styles/-/ansi-styles-5.2.0.tgz",
      "integrity": "sha512-Cxwpt2SfTzTtXcfOlzGEee8O+c+MmUgGrNiBcXnuWxuFJHe6a5Hz7qwhwe5OgaSYI0IJvkLqWX1ASG+cJOkEiA==",
      "dev": true,
      "engines": {
        "node": ">=10"
      },
      "funding": {
        "url": "https://github.com/chalk/ansi-styles?sponsor=1"
      }
    },
    "node_modules/react-is": {
      "version": "17.0.2",
      "resolved": "https://registry.npmjs.org/react-is/-/react-is-17.0.2.tgz",
      "integrity": "sha512-w2GsyukL62IJnlaff/nRegPQR94C/XXamvMWmSHRJ4y7Ts/4ocGRmTHvOs8PSE6pB3dWOrD/nueuU5sduBsQ4w==",
      "dev": true
    },
    "node_modules/rxjs": {
      "version": "7.5.5",
      "resolved": "https://registry.npmjs.org/rxjs/-/rxjs-7.5.5.tgz",
      "integrity": "sha512-sy+H0pQofO95VDmFLzyaw9xNJU4KTRSwQIGM6+iG3SypAtCiLDzpeG8sJrNCWn2Up9km+KhkvTdbkrdy+yzZdw==",
      "peer": true,
      "dependencies": {
        "tslib": "^2.1.0"
      }
    },
    "node_modules/supports-color": {
      "version": "7.2.0",
      "resolved": "https://registry.npmjs.org/supports-color/-/supports-color-7.2.0.tgz",
      "integrity": "sha512-qpCAvRl9stuOHveKsn7HncJRvv501qIacKzQlO/+Lwxc9+0q2wLyv4Dfvt80/DPn2pqOBsJdDiogXGR9+OvwRw==",
      "dev": true,
      "dependencies": {
        "has-flag": "^4.0.0"
      },
      "engines": {
        "node": ">=8"
      }
    },
    "node_modules/tslib": {
      "version": "2.4.0",
      "resolved": "https://registry.npmjs.org/tslib/-/tslib-2.4.0.tgz",
      "integrity": "sha512-d6xOpEDfsi2CZVlPQzGeux8XMwLT9hssAsaPYExaQMuYskwb+x1x7J371tWlbBdWHroy99KnVB6qIkUbs5X3UQ=="
    },
    "node_modules/vicky-ionic-ng-lib": {
      "version": "0.0.36",
      "resolved": "https://registry.npmjs.org/vicky-ionic-ng-lib/-/vicky-ionic-ng-lib-0.0.36.tgz",
      "integrity": "sha512-GE6KtL90E8W1yW/0qX19VedW2VX2IfBLaS6FUbwtnPrGz2khG+MqlhWZ+PUTONlzaQ6rjSUw2fk91IcRawuKmA==",
      "peer": true,
      "dependencies": {
        "tslib": "^2.3.0"
      },
      "peerDependencies": {
        "@angular/common": "^13.1.0",
        "@angular/core": "^13.1.0",
        "@angular/router": "^13.1.0",
        "@ionic/angular": "^6.0.2",
        "app-base-lib": "^1.0.45",
        "lodash": "^4.17.21"
      }
    },
    "node_modules/zone.js": {
      "version": "0.11.5",
      "resolved": "https://registry.npmjs.org/zone.js/-/zone.js-0.11.5.tgz",
      "integrity": "sha512-D1/7VxEuQ7xk6z/kAROe4SUbd9CzxY4zOwVGnGHerd/SgLIVU5f4esDzQUsOCeArn933BZfWMKydH7l7dPEp0g==",
      "peer": true,
      "dependencies": {
        "tslib": "^2.3.0"
      }
    }
  },
  "dependencies": {
    "@angular/common": {
      "version": "13.3.6",
      "resolved": "https://registry.npmjs.org/@angular/common/-/common-13.3.6.tgz",
      "integrity": "sha512-IHWzyNzrvzdE23P7KX3qDgmT+xGpmXKaMLDEM9s8l2opKcMerjdullrYXwLfjFQr9pybnn+uE9fzj9dp0DCmzg==",
      "peer": true,
      "requires": {
        "tslib": "^2.3.0"
      }
    },
    "@angular/core": {
      "version": "13.3.6",
      "resolved": "https://registry.npmjs.org/@angular/core/-/core-13.3.6.tgz",
      "integrity": "sha512-Le9kWVny8jT8UXoWUFFF641howw8h//PK+juDHDU2M6DpR24zxnBKdTwVvjjtCyfMBMiC50JY5YRnYfpaEC27w==",
      "peer": true,
      "requires": {
        "tslib": "^2.3.0"
      }
    },
    "@angular/forms": {
      "version": "13.3.6",
      "resolved": "https://registry.npmjs.org/@angular/forms/-/forms-13.3.6.tgz",
      "integrity": "sha512-Sn29oKvyduMmB2GizXs04hOub/iqOPpSZFxEdTFmKVOjEidv76rcHKcHUby2Qwyal22+z1wVQNn3w4l8rySx0A==",
      "peer": true,
      "requires": {
        "tslib": "^2.3.0"
      }
    },
    "@angular/platform-browser": {
      "version": "13.3.6",
      "resolved": "https://registry.npmjs.org/@angular/platform-browser/-/platform-browser-13.3.6.tgz",
      "integrity": "sha512-ilzlMQe7Vg5fMnzUoe01SwBCjruJy2xna/jdXND4xHyntk2bUtOHOBnkwCiN3uAWDg228iS2tWKDbYGKoiRYmQ==",
      "peer": true,
      "requires": {
        "tslib": "^2.3.0"
      }
    },
    "@angular/router": {
      "version": "13.3.6",
      "resolved": "https://registry.npmjs.org/@angular/router/-/router-13.3.6.tgz",
      "integrity": "sha512-XN3kaDdrqq/2JJbVaOs5pznsfOPwaqO99TADmWtwHlrrqBk7DUW730YijaCE6HZCZSjFpykUGVz3J1aXSULU2Q==",
      "requires": {
        "tslib": "^2.3.0"
      }
    },
    "@axe-core/playwright": {
      "version": "4.4.2",
      "resolved": "https://registry.npmjs.org/@axe-core/playwright/-/playwright-4.4.2.tgz",
      "integrity": "sha512-PzdGAG4ybVfu/hgMRiMdirSGhwZf/hHlfEDmr/WFdcYv60XhQKSgb5h9B2H+6WN17hTmbacbQigq/4r5b7Ok4g==",
      "peer": true,
      "requires": {
        "axe-core": "^4.4.1",
        "playwright": "^1.16.2"
      }
    },
    "@ionic/angular": {
      "version": "6.1.4",
      "resolved": "https://registry.npmjs.org/@ionic/angular/-/angular-6.1.4.tgz",
      "integrity": "sha512-uCXKrcynBnOgsbK92crGchA7QcQXoURYAtOyQ/e4/LkubLxQHkthmZzkMZ0jO/3XNzsD3HAZ6oUnqCCiuWHhNg==",
      "peer": true,
      "requires": {
        "@ionic/core": "^6.1.4",
        "jsonc-parser": "^3.0.0",
        "tslib": "^2.0.0"
      }
    },
    "@ionic/core": {
      "version": "6.1.4",
      "resolved": "https://registry.npmjs.org/@ionic/core/-/core-6.1.4.tgz",
      "integrity": "sha512-2sJ06ehFVvgZGfsluWfqmAl34YWkbU/mdDEYbp5BUatX91tN/ytNjDkoPVuLUBJl1pqGK1doaDI6Y8zDpxqbMA==",
      "peer": true,
      "requires": {
        "@axe-core/playwright": "^4.4.2",
        "@stencil/core": "^2.14.2",
        "ionicons": "^6.0.0",
        "tslib": "^2.1.0"
      }
    },
    "@stencil/core": {
      "version": "2.15.1",
      "resolved": "https://registry.npmjs.org/@stencil/core/-/core-2.15.1.tgz",
      "integrity": "sha512-NYjRwQnjzscyFfqK+iIwRdr/dgYn33u6KE7kyQWdi7xsCkqMHalXYgJlN/QBQ9PN3qXmXKeBrJNG8EkNdCbK5g==",
      "peer": true
    },
    "@types/jest": {
      "version": "27.5.1",
      "resolved": "https://registry.npmjs.org/@types/jest/-/jest-27.5.1.tgz",
      "integrity": "sha512-fUy7YRpT+rHXto1YlL+J9rs0uLGyiqVt3ZOTQR+4ROc47yNl8WLdVLgUloBRhOxP1PZvguHl44T3H0wAWxahYQ==",
      "dev": true,
      "requires": {
        "jest-matcher-utils": "^27.0.0",
        "pretty-format": "^27.0.0"
      }
    },
    "ansi-regex": {
      "version": "5.0.1",
      "resolved": "https://registry.npmjs.org/ansi-regex/-/ansi-regex-5.0.1.tgz",
      "integrity": "sha512-quJQXlTSUGL2LH9SUXo8VwsY4soanhgo6LNSm84E1LBcE8s3O0wpdiRzyR9z/ZZJMlMWv37qOOb9pdJlMUEKFQ==",
      "dev": true
    },
    "ansi-styles": {
      "version": "4.3.0",
      "resolved": "https://registry.npmjs.org/ansi-styles/-/ansi-styles-4.3.0.tgz",
      "integrity": "sha512-zbB9rCJAT1rbjiVDb2hqKFHNYLxgtk8NURxZ3IZwD3F6NtxbXZQCnnSi1Lkx+IDohdPlFp222wVALIheZJQSEg==",
      "dev": true,
      "requires": {
        "color-convert": "^2.0.1"
      }
    },
    "app-base-lib": {
      "version": "1.0.45",
      "resolved": "https://registry.npmjs.org/app-base-lib/-/app-base-lib-1.0.45.tgz",
      "integrity": "sha512-BzYvq9anW75J16jCxXNilvgpBjpuk+j6gmfi3cJVVHE3j2ifWedKbRcqS/pr5P+OgU6wbf9XrpniJHacoTPoig==",
      "peer": true,
      "requires": {}
    },
    "axe-core": {
      "version": "4.4.1",
      "resolved": "https://registry.npmjs.org/axe-core/-/axe-core-4.4.1.tgz",
      "integrity": "sha512-gd1kmb21kwNuWr6BQz8fv6GNECPBnUasepcoLbekws23NVBLODdsClRZ+bQ8+9Uomf3Sm3+Vwn0oYG9NvwnJCw==",
      "peer": true
    },
    "chalk": {
      "version": "4.1.2",
      "resolved": "https://registry.npmjs.org/chalk/-/chalk-4.1.2.tgz",
      "integrity": "sha512-oKnbhFyRIXpUuez8iBMmyEa4nbj4IOQyuhc/wy9kY7/WVPcwIO9VA668Pu8RkO7+0G76SLROeyw9CpQ061i4mA==",
      "dev": true,
      "requires": {
        "ansi-styles": "^4.1.0",
        "supports-color": "^7.1.0"
      }
    },
    "color-convert": {
      "version": "2.0.1",
      "resolved": "https://registry.npmjs.org/color-convert/-/color-convert-2.0.1.tgz",
      "integrity": "sha512-RRECPsj7iu/xb5oKYcsFHSppFNnsj/52OVTRKb4zP5onXwVF3zVmmToNcOfGC+CRDpfK/U584fMg38ZHCaElKQ==",
      "dev": true,
      "requires": {
        "color-name": "~1.1.4"
      }
    },
    "color-name": {
      "version": "1.1.4",
      "resolved": "https://registry.npmjs.org/color-name/-/color-name-1.1.4.tgz",
      "integrity": "sha512-dOy+3AuW3a2wNbZHIuMZpTcgjGuLU/uBL/ubcZF9OXbDo8ff4O8yVp5Bf0efS8uEoYo5q4Fx7dY9OgQGXgAsQA==",
      "dev": true
    },
    "diff-sequences": {
      "version": "27.5.1",
      "resolved": "https://registry.npmjs.org/diff-sequences/-/diff-sequences-27.5.1.tgz",
      "integrity": "sha512-k1gCAXAsNgLwEL+Y8Wvl+M6oEFj5bgazfZULpS5CneoPPXRaCCW7dm+q21Ky2VEE5X+VeRDBVg1Pcvvsr4TtNQ==",
      "dev": true
    },
    "has-flag": {
      "version": "4.0.0",
      "resolved": "https://registry.npmjs.org/has-flag/-/has-flag-4.0.0.tgz",
      "integrity": "sha512-EykJT/Q1KjTWctppgIAgfSO0tKVuZUjhgMr17kqTumMl6Afv3EISleU7qZUzoXDFTAHTDC4NOoG/ZxU3EvlMPQ==",
      "dev": true
    },
    "ionicons": {
      "version": "6.0.1",
      "resolved": "https://registry.npmjs.org/ionicons/-/ionicons-6.0.1.tgz",
      "integrity": "sha512-xQekOJsxH82O7oB+3F60zeRggCdND9pJ/k0E6IJDVUGGlCj5mlyFqNgxUimytKgstPGv3S+3EmCxjefvtGgWUg==",
      "peer": true,
      "requires": {
        "@stencil/core": "~2.12.0"
      },
      "dependencies": {
        "@stencil/core": {
          "version": "2.12.1",
          "resolved": "https://registry.npmjs.org/@stencil/core/-/core-2.12.1.tgz",
          "integrity": "sha512-u24TZ+FEvjnZt5ZgIkLjLpUNsO6Ml3mUZqwmqk81w6RWWz75hgB5p4RFI5rvuErFeh2xvMIGo+pNdG24XUBz1A==",
          "peer": true
        }
      }
    },
    "jest-diff": {
      "version": "27.5.1",
      "resolved": "https://registry.npmjs.org/jest-diff/-/jest-diff-27.5.1.tgz",
      "integrity": "sha512-m0NvkX55LDt9T4mctTEgnZk3fmEg3NRYutvMPWM/0iPnkFj2wIeF45O1718cMSOFO1vINkqmxqD8vE37uTEbqw==",
      "dev": true,
      "requires": {
        "chalk": "^4.0.0",
        "diff-sequences": "^27.5.1",
        "jest-get-type": "^27.5.1",
        "pretty-format": "^27.5.1"
      }
    },
    "jest-get-type": {
      "version": "27.5.1",
      "resolved": "https://registry.npmjs.org/jest-get-type/-/jest-get-type-27.5.1.tgz",
      "integrity": "sha512-2KY95ksYSaK7DMBWQn6dQz3kqAf3BB64y2udeG+hv4KfSOb9qwcYQstTJc1KCbsix+wLZWZYN8t7nwX3GOBLRw==",
      "dev": true
    },
    "jest-matcher-utils": {
      "version": "27.5.1",
      "resolved": "https://registry.npmjs.org/jest-matcher-utils/-/jest-matcher-utils-27.5.1.tgz",
      "integrity": "sha512-z2uTx/T6LBaCoNWNFWwChLBKYxTMcGBRjAt+2SbP929/Fflb9aa5LGma654Rz8z9HLxsrUaYzxE9T/EFIL/PAw==",
      "dev": true,
      "requires": {
        "chalk": "^4.0.0",
        "jest-diff": "^27.5.1",
        "jest-get-type": "^27.5.1",
        "pretty-format": "^27.5.1"
      }
    },
    "jsonc-parser": {
      "version": "3.0.0",
      "resolved": "https://registry.npmjs.org/jsonc-parser/-/jsonc-parser-3.0.0.tgz",
      "integrity": "sha512-fQzRfAbIBnR0IQvftw9FJveWiHp72Fg20giDrHz6TdfB12UH/uue0D3hm57UB5KgAVuniLMCaS8P1IMj9NR7cA==",
      "peer": true
    },
    "lodash": {
      "version": "4.17.21",
      "resolved": "https://registry.npmjs.org/lodash/-/lodash-4.17.21.tgz",
      "integrity": "sha512-v2kDEe57lecTulaDIuNTPy3Ry4gLGJ6Z1O3vE1krgXZNrsQ+LFTGHVxVjcXPs17LhbZVGedAJv8XZ1tvj5FvSg==",
      "peer": true
    },
    "playwright": {
      "version": "1.27.1",
      "resolved": "https://registry.npmjs.org/playwright/-/playwright-1.27.1.tgz",
      "integrity": "sha512-xXYZ7m36yTtC+oFgqH0eTgullGztKSRMb4yuwLPl8IYSmgBM88QiB+3IWb1mRIC9/NNwcgbG0RwtFlg+EAFQHQ==",
      "peer": true,
      "requires": {
        "playwright-core": "1.27.1"
      }
    },
    "playwright-core": {
      "version": "1.27.1",
      "resolved": "https://registry.npmjs.org/playwright-core/-/playwright-core-1.27.1.tgz",
      "integrity": "sha512-9EmeXDncC2Pmp/z+teoVYlvmPWUC6ejSSYZUln7YaP89Z6lpAaiaAnqroUt/BoLo8tn7WYShcfaCh+xofZa44Q==",
      "peer": true
    },
    "pretty-format": {
      "version": "27.5.1",
      "resolved": "https://registry.npmjs.org/pretty-format/-/pretty-format-27.5.1.tgz",
      "integrity": "sha512-Qb1gy5OrP5+zDf2Bvnzdl3jsTf1qXVMazbvCoKhtKqVs4/YK4ozX4gKQJJVyNe+cajNPn0KoC0MC3FUmaHWEmQ==",
      "dev": true,
      "requires": {
        "ansi-regex": "^5.0.1",
        "ansi-styles": "^5.0.0",
        "react-is": "^17.0.1"
      },
      "dependencies": {
        "ansi-styles": {
          "version": "5.2.0",
          "resolved": "https://registry.npmjs.org/ansi-styles/-/ansi-styles-5.2.0.tgz",
          "integrity": "sha512-Cxwpt2SfTzTtXcfOlzGEee8O+c+MmUgGrNiBcXnuWxuFJHe6a5Hz7qwhwe5OgaSYI0IJvkLqWX1ASG+cJOkEiA==",
          "dev": true
        }
      }
    },
    "react-is": {
      "version": "17.0.2",
      "resolved": "https://registry.npmjs.org/react-is/-/react-is-17.0.2.tgz",
      "integrity": "sha512-w2GsyukL62IJnlaff/nRegPQR94C/XXamvMWmSHRJ4y7Ts/4ocGRmTHvOs8PSE6pB3dWOrD/nueuU5sduBsQ4w==",
      "dev": true
    },
    "rxjs": {
      "version": "7.5.5",
      "resolved": "https://registry.npmjs.org/rxjs/-/rxjs-7.5.5.tgz",
      "integrity": "sha512-sy+H0pQofO95VDmFLzyaw9xNJU4KTRSwQIGM6+iG3SypAtCiLDzpeG8sJrNCWn2Up9km+KhkvTdbkrdy+yzZdw==",
      "peer": true,
      "requires": {
        "tslib": "^2.1.0"
      }
    },
    "supports-color": {
      "version": "7.2.0",
      "resolved": "https://registry.npmjs.org/supports-color/-/supports-color-7.2.0.tgz",
      "integrity": "sha512-qpCAvRl9stuOHveKsn7HncJRvv501qIacKzQlO/+Lwxc9+0q2wLyv4Dfvt80/DPn2pqOBsJdDiogXGR9+OvwRw==",
      "dev": true,
      "requires": {
        "has-flag": "^4.0.0"
      }
    },
    "tslib": {
      "version": "2.4.0",
      "resolved": "https://registry.npmjs.org/tslib/-/tslib-2.4.0.tgz",
      "integrity": "sha512-d6xOpEDfsi2CZVlPQzGeux8XMwLT9hssAsaPYExaQMuYskwb+x1x7J371tWlbBdWHroy99KnVB6qIkUbs5X3UQ=="
    },
    "vicky-ionic-ng-lib": {
      "version": "0.0.36",
      "resolved": "https://registry.npmjs.org/vicky-ionic-ng-lib/-/vicky-ionic-ng-lib-0.0.36.tgz",
      "integrity": "sha512-GE6KtL90E8W1yW/0qX19VedW2VX2IfBLaS6FUbwtnPrGz2khG+MqlhWZ+PUTONlzaQ6rjSUw2fk91IcRawuKmA==",
      "peer": true,
      "requires": {
        "tslib": "^2.3.0"
      }
    },
    "zone.js": {
      "version": "0.11.5",
      "resolved": "https://registry.npmjs.org/zone.js/-/zone.js-0.11.5.tgz",
      "integrity": "sha512-D1/7VxEuQ7xk6z/kAROe4SUbd9CzxY4zOwVGnGHerd/SgLIVU5f4esDzQUsOCeArn933BZfWMKydH7l7dPEp0g==",
      "peer": true,
      "requires": {
        "tslib": "^2.3.0"
      }
    }
  }
}
